<?xml version="1.0" encoding="utf-8"?>
<Project ToolsVersion="4.0" xmlns="http://schemas.microsoft.com/developer/msbuild/2003">
  <ItemGroup>
    <ClCompile Include="api\api.cpp" />
    <ClCompile Include="events\callbacks\item_equip.cpp" />
    <ClCompile Include="events\callbacks\player_hurt.cpp" />
    <ClCompile Include="events\callbacks\round_start.cpp" />
    <ClCompile Include="events\events.cpp" />
    <ClCompile Include="features\dormant\dormant.cpp" />
    <ClCompile Include="features\misc\movement.cpp" />
    <ClCompile Include="features\ragebot\prediction.cpp" />
    <ClCompile Include="features\shared\proto\shared.pb.cc" />
    <ClCompile Include="features\shared\shared.cpp" />
    <ClCompile Include="features\visuals\chams.cpp" />
    <ClCompile Include="features\visuals\player_esp.cpp" />
    <ClCompile Include="globals.cpp" />
    <ClCompile Include="hooks\vtables\client_dll.cpp" />
    <ClCompile Include="hooks\vtables\client_mode.cpp" />
    <ClCompile Include="hooks\vtables\d3d_device.cpp" />
    <ClCompile Include="hooks\vtables\engine_dll.cpp" />
    <ClCompile Include="hooks\vtables\model_render.cpp" />
    <ClCompile Include="hooks\vtables\networking.cpp" />
    <ClCompile Include="hooks\vtables\other.cpp" />
    <ClCompile Include="hooks\vtables\player.cpp" />
    <ClCompile Include="hooks\vtables\surface.cpp" />
    <ClCompile Include="hooks\vtables\panel.cpp" />
    <ClCompile Include="hooks\hooks.cpp" />
    <ClCompile Include="main.cpp" />
    <ClCompile Include="menu\menu.cpp" />
    <ClCompile Include="sdk\sdk.cpp" />
    <ClCompile Include="sdk\interfaces.cpp" />
    <ClCompile Include="sdk\_classes.cpp" />
    <ClCompile Include="utils\cfg\cfg.cpp" />
    <ClCompile Include="utils\imgui\imgui.cpp" />
    <ClCompile Include="utils\imgui\imgui_demo.cpp" />
    <ClCompile Include="utils\imgui\imgui_draw.cpp" />
    <ClCompile Include="utils\imgui\imgui_freetype.cpp" />
    <ClCompile Include="utils\imgui\imgui_impl_dx9.cpp" />
    <ClCompile Include="utils\imgui\imgui_impl_win32.cpp" />
    <ClCompile Include="utils\imgui\imgui_widgets.cpp" />
    <ClCompile Include="utils\input\input.cpp" />
    <ClCompile Include="utils\math\datatypes.cpp" />
    <ClCompile Include="utils\math\math.cpp" />
    <ClCompile Include="utils\memory\memory.cpp" />
    <ClCompile Include="utils\minhook\buffer.c" />
    <ClCompile Include="utils\minhook\hde\hde32.c" />
    <ClCompile Include="utils\minhook\hde\hde64.c" />
    <ClCompile Include="utils\minhook\hook.c" />
    <ClCompile Include="utils\minhook\trampoline.c" />
    <ClCompile Include="utils\netvars\netvars.cpp" />
    <ClCompile Include="utils\render\render.cpp" />
    <ClCompile Include="utils\steam_sockets\steam_sockets.cpp" />
    <ClCompile Include="api\MD5\MD5.cpp" />
    <ClCompile Include="hooks\vtables\mdl_cache.cpp" />
    <ClCompile Include="features\fakelags\fakelags.cpp" />
    <ClCompile Include="features\misc\misc.cpp" />
    <ClCompile Include="features\legitbot\aimbot\aimbot.cpp" />
    <ClCompile Include="features\visuals\model\model.cpp" />
    <ClCompile Include="utils\imgui\TextEditor.cpp" />
    <ClCompile Include="features\visuals\preview\preview.cpp" />
    <ClCompile Include="utils\keybinds\keybinds.cpp" />
  </ItemGroup>
  <ItemGroup>
    <ClInclude Include="api\api.h" />
    <ClInclude Include="common_includes.h" />
    <ClInclude Include="events\events.h" />
    <ClInclude Include="features\dormant\dormant.hpp" />
    <ClInclude Include="features\features.h" />
    <ClInclude Include="features\misc\movement.h" />
    <ClInclude Include="features\ragebot\prediction.h" />
    <ClInclude Include="features\shared\chams\shared_chams.hpp" />
    <ClInclude Include="features\shared\esp\shared_esp.hpp" />
    <ClInclude Include="features\shared\proto\shared.pb.h" />
    <ClInclude Include="features\shared\shared.hpp" />
    <ClInclude Include="features\visuals\chams.h" />
    <ClInclude Include="features\visuals\player_esp.h" />
    <ClInclude Include="globals.h" />
    <ClInclude Include="hooks\hooks.h" />
    <ClInclude Include="menu\elements.h" />
    <ClInclude Include="menu\menu.h" />
    <ClInclude Include="sdk\datatypes\bf_read.h" />
    <ClInclude Include="sdk\datatypes\bf_write.h" />
    <ClInclude Include="sdk\datatypes\client_class.h" />
    <ClInclude Include="sdk\datatypes\c_cvar.h" />
    <ClInclude Include="sdk\datatypes\c_base_handle.h" />
    <ClInclude Include="sdk\datatypes\c_utl_vector.h" />
    <ClInclude Include="sdk\datatypes\i_material.h" />
    <ClInclude Include="sdk\datatypes\i_material_var.h" />
    <ClInclude Include="sdk\datatypes\i_trace_filter.h" />
    <ClInclude Include="sdk\datatypes\key_values.h" />
    <ClInclude Include="sdk\datatypes\recv_prop.h" />
    <ClInclude Include="sdk\definitions.h" />
    <ClInclude Include="sdk\interfaces\c_cs_player_resource.h" />
    <ClInclude Include="sdk\interfaces\c_game_rules.h" />
    <ClInclude Include="sdk\interfaces\i_game_types.h" />
    <ClInclude Include="sdk\interfaces\i_glow_object_manager.h" />
    <ClInclude Include="sdk\interfaces\i_input.h" />
    <ClInclude Include="sdk\interfaces\i_cvar_system.h" />
    <ClInclude Include="sdk\interfaces\i_debug_overlay.h" />
    <ClInclude Include="sdk\interfaces\i_engine_trace.h" />
    <ClInclude Include="sdk\interfaces\i_game_event_manager.h" />
    <ClInclude Include="sdk\interfaces\i_game_movement.h" />
    <ClInclude Include="sdk\interfaces\i_input_system.h" />
    <ClInclude Include="sdk\interfaces\i_localize.h" />
    <ClInclude Include="sdk\interfaces\i_material_system.h" />
    <ClInclude Include="sdk\interfaces\i_mdl_cache.h" />
    <ClInclude Include="sdk\interfaces\i_model_render.h" />
    <ClInclude Include="sdk\interfaces\i_move_helper.h" />
    <ClInclude Include="sdk\interfaces\i_panel.h" />
    <ClInclude Include="sdk\interfaces\i_prediction.h" />
    <ClInclude Include="sdk\interfaces\i_render_view.h" />
    <ClInclude Include="sdk\interfaces\i_surface.h" />
    <ClInclude Include="sdk\interfaces\i_surface_data.h" />
    <ClInclude Include="sdk\interfaces\i_view_render_beams.h" />
    <ClInclude Include="sdk\interfaces\i_weapon_system.h" />
    <ClInclude Include="sdk\_classes.h" />
    <ClInclude Include="sdk\interfaces.h" />
    <ClInclude Include="sdk\interfaces\i_client_state.h" />
    <ClInclude Include="sdk\interfaces\i_global_vars.h" />
    <ClInclude Include="sdk\interfaces\i_client_entity_list.h" />
    <ClInclude Include="sdk\interfaces\i_mem_alloc.h" />
    <ClInclude Include="sdk\interfaces\i_model_info.h" />
    <ClInclude Include="sdk\interfaces\i_net_channel.h" />
    <ClInclude Include="sdk\interfaces\i_engine_client.h" />
    <ClInclude Include="sdk\interfaces\i_base_client_dll.h" />
    <ClInclude Include="sdk\interfaces\i_client_mode.h" />
    <ClInclude Include="sdk\other\i_client_entity.h" />
    <ClInclude Include="sdk\other\i_collideable.h" />
    <ClInclude Include="sdk\sdk.h" />
    <ClInclude Include="sdk\_structs.h" />
    <ClInclude Include="singleton.h" />
    <ClInclude Include="utils\cfg\cfg.h" />
    <ClInclude Include="utils\cfg\json\adl_serializer.hpp" />
    <ClInclude Include="utils\cfg\json\detail\conversions\from_json.hpp" />
    <ClInclude Include="utils\cfg\json\detail\conversions\to_chars.hpp" />
    <ClInclude Include="utils\cfg\json\detail\conversions\to_json.hpp" />
    <ClInclude Include="utils\cfg\json\detail\exceptions.hpp" />
    <ClInclude Include="utils\cfg\json\detail\input\binary_reader.hpp" />
    <ClInclude Include="utils\cfg\json\detail\input\input_adapters.hpp" />
    <ClInclude Include="utils\cfg\json\detail\input\json_sax.hpp" />
    <ClInclude Include="utils\cfg\json\detail\input\lexer.hpp" />
    <ClInclude Include="utils\cfg\json\detail\input\parser.hpp" />
    <ClInclude Include="utils\cfg\json\detail\input\position_t.hpp" />
    <ClInclude Include="utils\cfg\json\detail\iterators\internal_iterator.hpp" />
    <ClInclude Include="utils\cfg\json\detail\iterators\iteration_proxy.hpp" />
    <ClInclude Include="utils\cfg\json\detail\iterators\iterator_traits.hpp" />
    <ClInclude Include="utils\cfg\json\detail\iterators\iter_impl.hpp" />
    <ClInclude Include="utils\cfg\json\detail\iterators\json_reverse_iterator.hpp" />
    <ClInclude Include="utils\cfg\json\detail\iterators\primitive_iterator.hpp" />
    <ClInclude Include="utils\cfg\json\detail\json_pointer.hpp" />
    <ClInclude Include="utils\cfg\json\detail\json_ref.hpp" />
    <ClInclude Include="utils\cfg\json\detail\macro_scope.hpp" />
    <ClInclude Include="utils\cfg\json\detail\macro_unscope.hpp" />
    <ClInclude Include="utils\cfg\json\detail\meta\cpp_future.hpp" />
    <ClInclude Include="utils\cfg\json\detail\meta\detected.hpp" />
    <ClInclude Include="utils\cfg\json\detail\meta\is_sax.hpp" />
    <ClInclude Include="utils\cfg\json\detail\meta\type_traits.hpp" />
    <ClInclude Include="utils\cfg\json\detail\meta\void_t.hpp" />
    <ClInclude Include="utils\cfg\json\detail\output\binary_writer.hpp" />
    <ClInclude Include="utils\cfg\json\detail\output\output_adapters.hpp" />
    <ClInclude Include="utils\cfg\json\detail\output\serializer.hpp" />
    <ClInclude Include="utils\cfg\json\detail\value_t.hpp" />
    <ClInclude Include="utils\cfg\json\json.hpp" />
    <ClInclude Include="utils\cfg\json\json_fwd.hpp" />
    <ClInclude Include="utils\imgui\imconfig.h" />
    <ClInclude Include="utils\imgui\imgui.h" />
    <ClInclude Include="utils\imgui\imgui_freetype.h" />
    <ClInclude Include="utils\imgui\imgui_impl_dx9.h" />
    <ClInclude Include="utils\imgui\imgui_impl_win32.h" />
    <ClInclude Include="utils\imgui\imgui_internal.h" />
    <ClInclude Include="utils\imgui\imgui_tweaker.hpp" />
    <ClInclude Include="utils\imgui\imstb_rectpack.h" />
    <ClInclude Include="utils\imgui\imstb_textedit.h" />
    <ClInclude Include="utils\imgui\imstb_truetype.h" />
    <ClInclude Include="utils\input\input.h" />
    <ClInclude Include="utils\math\datatypes.h" />
    <ClInclude Include="utils\math\math.h" />
    <ClInclude Include="utils\memory\memory.h" />
    <ClInclude Include="utils\minhook\buffer.h" />
    <ClInclude Include="utils\minhook\hde\hde32.h" />
    <ClInclude Include="utils\minhook\hde\hde64.h" />
    <ClInclude Include="utils\minhook\hde\pstdint.h" />
    <ClInclude Include="utils\minhook\hde\table32.h" />
    <ClInclude Include="utils\minhook\hde\table64.h" />
    <ClInclude Include="utils\minhook\minhook.h" />
    <ClInclude Include="utils\minhook\trampoline.h" />
    <ClInclude Include="utils\netvars\data_map.h" />
    <ClInclude Include="utils\netvars\netvars.h" />
    <ClInclude Include="utils\obfuscation\fnv1a.h" />
    <ClInclude Include="utils\obfuscation\xor.h" />
    <ClInclude Include="utils\render\assets\background.h" />
    <ClInclude Include="utils\render\assets\items.h" />
    <ClInclude Include="utils\render\assets\minecraftFont.h" />
    <ClInclude Include="utils\render\render.h" />
    <ClInclude Include="utils\steam\isteamnetworkingmessages.h" />
    <ClInclude Include="utils\steam\isteamnetworkingsockets.h" />
    <ClInclude Include="utils\steam\isteamnetworkingutils.h" />
    <ClInclude Include="utils\steam\steamclientpublic.h" />
    <ClInclude Include="utils\steam\steamnetworkingcustomsignaling.h" />
    <ClInclude Include="utils\steam\steamnetworkingsockets.h" />
    <ClInclude Include="utils\steam\steamnetworkingsockets_flat.h" />
    <ClInclude Include="utils\steam\steamnetworkingtypes.h" />
    <ClInclude Include="utils\steam\steamtypes.h" />
    <ClInclude Include="utils\steam\steamuniverse.h" />
    <ClInclude Include="utils\steam\steam_api_common.h" />
    <ClInclude Include="utils\steam_sockets\steam_sockets.hpp" />
    <ClInclude Include="utils\utils.h" />
    <ClInclude Include="api\curl\curl.h" />
    <ClInclude Include="api\curl\curlver.h" />
    <ClInclude Include="api\curl\easy.h" />
    <ClInclude Include="api\curl\mprintf.h" />
    <ClInclude Include="api\curl\multi.h" />
    <ClInclude Include="api\curl\stdcheaders.h" />
    <ClInclude Include="api\curl\system.h" />
    <ClInclude Include="api\curl\typecheck-gcc.h" />
    <ClInclude Include="utils\json.hpp" />
    <ClInclude Include="menu\notifies.h" />
    <ClInclude Include="api\MD5\MD5.hpp" />
    <ClInclude Include="features\fakelags\fakelags.h" />
    <ClInclude Include="features\misc\misc.h" />
    <ClInclude Include="features\legitbot\aimbot\aimbot.hpp" />
    <ClInclude Include="sdk\interfaces\i_file_system.h" />
    <ClInclude Include="features\visuals\model\model.h" />
    <ClInclude Include="sdk\interfaces\i_studio_render.h" />
    <ClInclude Include="utils\imgui\TextEditor.h" />
    <ClInclude Include="features\visuals\preview\preview.hpp" />
    <ClInclude Include="utils\keybinds\keybinds.hpp" />
    <ClInclude Include="api\HardwareID.hpp" />
    <ClInclude Include="features\visuals\preview\preview_draggables.hpp" />
  </ItemGroup>
  <ItemGroup>
    <Library Include="api\LibCurl.lib" />
    <ClInclude Include="menu\elements.h" />
    <ClInclude Include="utils\imgui\imgui_tweaker.hpp" />
    <ClInclude Include="utils\render\assets\minecraftFont.h" />
    <ClInclude Include="utils\render\assets\items.h" />
    <ClInclude Include="features\shared\shared.hpp" />
    <ClInclude Include="features\shared\proto\shared.pb.h" />
    <ClInclude Include="features\dormant\dormant.hpp" />
    <ClInclude Include="features\shared\esp\shared_esp.hpp" />
    <ClInclude Include="features\shared\chams\shared_chams.hpp" />
    <ClInclude Include="sdk\interfaces\i_engine_sound.h" />
  </ItemGroup>
</Project>